
Microsoft Visual Studio Solution File, Format Version 12.00
# Visual Studio 15
VisualStudioVersion = 15.0.28010.2016
MinimumVisualStudioVersion = 10.0.40219.1
Project("{9A19103F-16F7-4668-BE54-9A1E7A4F7556}") = "UwlAPI.Tools", "UwlAPI.Tools\UwlAPI.Tools.csproj", "{D993C6B6-B91C-4A52-8D49-DE11C343D413}"
EndProject
Project("{2150E333-8FDC-42A3-9474-1A3956D46DE8}") = "APi_interfase", "APi_interfase", "{09D8E7D9-9BB7-481A-8938-67B1E7CCF306}"
EndProject
Project("{2150E333-8FDC-42A3-9474-1A3956D46DE8}") = "Uwl_Data", "Uwl_Data", "{511EBE7B-8760-4597-8A82-8549783D57FE}"
EndProject
Project("{9A19103F-16F7-4668-BE54-9A1E7A4F7556}") = "Uwl.Data.EntityFramework", "Uwl.Data.EntityFramework\Uwl.Data.EntityFramework.csproj", "{880E8B69-BE52-4DD8-80D1-12A399BB4A38}"
EndProject
Project("{9A19103F-16F7-4668-BE54-9A1E7A4F7556}") = "Uwl.Data.Model", "Uwl.Data.Model\Uwl.Data.Model.csproj", "{89858C86-5148-4C69-A014-29E42A67E4FB}"
EndProject
Project("{2150E333-8FDC-42A3-9474-1A3956D46DE8}") = "Utility", "Utility", "{30FBCA32-0020-4C78-B10D-1BA51ADF0614}"
EndProject
Project("{9A19103F-16F7-4668-BE54-9A1E7A4F7556}") = "Uwl.Domain", "Uwl.Domain\Uwl.Domain.csproj", "{CDADD434-88F6-4E50-A9CC-5A15F1C25684}"
EndProject
Project("{9A19103F-16F7-4668-BE54-9A1E7A4F7556}") = "Uwl.Data.Server", "Uwl.Data.Server\Uwl.Data.Server.csproj", "{C909FDAD-2C76-4E57-ADFA-2918A9768E79}"
EndProject
Project("{9A19103F-16F7-4668-BE54-9A1E7A4F7556}") = "Uwl.Common", "Uwl.Common\Uwl.Common.csproj", "{342941A6-AD3F-4C2F-9C21-3207F3536E62}"
EndProject
Project("{9A19103F-16F7-4668-BE54-9A1E7A4F7556}") = "Uwl.Extends", "Uwl.Extends\Uwl.Extends.csproj", "{26871092-EDBC-47E4-9BF8-CDA0EB623CA6}"
EndProject
Project("{9A19103F-16F7-4668-BE54-9A1E7A4F7556}") = "Uwl.Attribute", "Uwl.Attribute\Uwl.Attribute.csproj", "{89B03B8D-53E1-4C33-9240-29468089E171}"
EndProject
Project("{9A19103F-16F7-4668-BE54-9A1E7A4F7556}") = "Uwl.QuartzNet.JobCenter", "Uwl.QuartzNet.JobCenter\Uwl.QuartzNet.JobCenter.csproj", "{7493835C-4293-4DB4-A865-7746B136B620}"
EndProject
Project("{FAE04EC0-301F-11D3-BF4B-00C04F79EFBC}") = "Uwl.ScheduledTask.Job", "Uwl.ScheduledTask.Job\Uwl.ScheduledTask.Job.csproj", "{3A63D34B-51B9-4A6F-ADC0-39509A14DF6B}"
EndProject
Global
	GlobalSection(SolutionConfigurationPlatforms) = preSolution
		Debug|Any CPU = Debug|Any CPU
		Release|Any CPU = Release|Any CPU
	EndGlobalSection
	GlobalSection(ProjectConfigurationPlatforms) = postSolution
		{D993C6B6-B91C-4A52-8D49-DE11C343D413}.Debug|Any CPU.ActiveCfg = Debug|Any CPU
		{D993C6B6-B91C-4A52-8D49-DE11C343D413}.Debug|Any CPU.Build.0 = Debug|Any CPU
		{D993C6B6-B91C-4A52-8D49-DE11C343D413}.Release|Any CPU.ActiveCfg = Release|Any CPU
		{D993C6B6-B91C-4A52-8D49-DE11C343D413}.Release|Any CPU.Build.0 = Release|Any CPU
		{880E8B69-BE52-4DD8-80D1-12A399BB4A38}.Debug|Any CPU.ActiveCfg = Debug|Any CPU
		{880E8B69-BE52-4DD8-80D1-12A399BB4A38}.Debug|Any CPU.Build.0 = Debug|Any CPU
		{880E8B69-BE52-4DD8-80D1-12A399BB4A38}.Release|Any CPU.ActiveCfg = Release|Any CPU
		{880E8B69-BE52-4DD8-80D1-12A399BB4A38}.Release|Any CPU.Build.0 = Release|Any CPU
		{89858C86-5148-4C69-A014-29E42A67E4FB}.Debug|Any CPU.ActiveCfg = Debug|Any CPU
		{89858C86-5148-4C69-A014-29E42A67E4FB}.Debug|Any CPU.Build.0 = Debug|Any CPU
		{89858C86-5148-4C69-A014-29E42A67E4FB}.Release|Any CPU.ActiveCfg = Release|Any CPU
		{89858C86-5148-4C69-A014-29E42A67E4FB}.Release|Any CPU.Build.0 = Release|Any CPU
		{CDADD434-88F6-4E50-A9CC-5A15F1C25684}.Debug|Any CPU.ActiveCfg = Debug|Any CPU
		{CDADD434-88F6-4E50-A9CC-5A15F1C25684}.Debug|Any CPU.Build.0 = Debug|Any CPU
		{CDADD434-88F6-4E50-A9CC-5A15F1C25684}.Release|Any CPU.ActiveCfg = Release|Any CPU
		{CDADD434-88F6-4E50-A9CC-5A15F1C25684}.Release|Any CPU.Build.0 = Release|Any CPU
		{C909FDAD-2C76-4E57-ADFA-2918A9768E79}.Debug|Any CPU.ActiveCfg = Debug|Any CPU
		{C909FDAD-2C76-4E57-ADFA-2918A9768E79}.Debug|Any CPU.Build.0 = Debug|Any CPU
		{C909FDAD-2C76-4E57-ADFA-2918A9768E79}.Release|Any CPU.ActiveCfg = Release|Any CPU
		{C909FDAD-2C76-4E57-ADFA-2918A9768E79}.Release|Any CPU.Build.0 = Release|Any CPU
		{342941A6-AD3F-4C2F-9C21-3207F3536E62}.Debug|Any CPU.ActiveCfg = Debug|Any CPU
		{342941A6-AD3F-4C2F-9C21-3207F3536E62}.Debug|Any CPU.Build.0 = Debug|Any CPU
		{342941A6-AD3F-4C2F-9C21-3207F3536E62}.Release|Any CPU.ActiveCfg = Release|Any CPU
		{342941A6-AD3F-4C2F-9C21-3207F3536E62}.Release|Any CPU.Build.0 = Release|Any CPU
		{26871092-EDBC-47E4-9BF8-CDA0EB623CA6}.Debug|Any CPU.ActiveCfg = Debug|Any CPU
		{26871092-EDBC-47E4-9BF8-CDA0EB623CA6}.Debug|Any CPU.Build.0 = Debug|Any CPU
		{26871092-EDBC-47E4-9BF8-CDA0EB623CA6}.Release|Any CPU.ActiveCfg = Release|Any CPU
		{26871092-EDBC-47E4-9BF8-CDA0EB623CA6}.Release|Any CPU.Build.0 = Release|Any CPU
		{89B03B8D-53E1-4C33-9240-29468089E171}.Debug|Any CPU.ActiveCfg = Debug|Any CPU
		{89B03B8D-53E1-4C33-9240-29468089E171}.Debug|Any CPU.Build.0 = Debug|Any CPU
		{89B03B8D-53E1-4C33-9240-29468089E171}.Release|Any CPU.ActiveCfg = Release|Any CPU
		{89B03B8D-53E1-4C33-9240-29468089E171}.Release|Any CPU.Build.0 = Release|Any CPU
		{7493835C-4293-4DB4-A865-7746B136B620}.Debug|Any CPU.ActiveCfg = Debug|Any CPU
		{7493835C-4293-4DB4-A865-7746B136B620}.Debug|Any CPU.Build.0 = Debug|Any CPU
		{7493835C-4293-4DB4-A865-7746B136B620}.Release|Any CPU.ActiveCfg = Release|Any CPU
		{7493835C-4293-4DB4-A865-7746B136B620}.Release|Any CPU.Build.0 = Release|Any CPU
		{3A63D34B-51B9-4A6F-ADC0-39509A14DF6B}.Debug|Any CPU.ActiveCfg = Debug|Any CPU
		{3A63D34B-51B9-4A6F-ADC0-39509A14DF6B}.Debug|Any CPU.Build.0 = Debug|Any CPU
		{3A63D34B-51B9-4A6F-ADC0-39509A14DF6B}.Release|Any CPU.ActiveCfg = Release|Any CPU
		{3A63D34B-51B9-4A6F-ADC0-39509A14DF6B}.Release|Any CPU.Build.0 = Release|Any CPU
	EndGlobalSection
	GlobalSection(SolutionProperties) = preSolution
		HideSolutionNode = FALSE
	EndGlobalSection
	GlobalSection(NestedProjects) = preSolution
		{D993C6B6-B91C-4A52-8D49-DE11C343D413} = {09D8E7D9-9BB7-481A-8938-67B1E7CCF306}
		{880E8B69-BE52-4DD8-80D1-12A399BB4A38} = {511EBE7B-8760-4597-8A82-8549783D57FE}
		{89858C86-5148-4C69-A014-29E42A67E4FB} = {511EBE7B-8760-4597-8A82-8549783D57FE}
		{CDADD434-88F6-4E50-A9CC-5A15F1C25684} = {511EBE7B-8760-4597-8A82-8549783D57FE}
		{C909FDAD-2C76-4E57-ADFA-2918A9768E79} = {511EBE7B-8760-4597-8A82-8549783D57FE}
		{342941A6-AD3F-4C2F-9C21-3207F3536E62} = {30FBCA32-0020-4C78-B10D-1BA51ADF0614}
		{26871092-EDBC-47E4-9BF8-CDA0EB623CA6} = {30FBCA32-0020-4C78-B10D-1BA51ADF0614}
		{89B03B8D-53E1-4C33-9240-29468089E171} = {30FBCA32-0020-4C78-B10D-1BA51ADF0614}
		{7493835C-4293-4DB4-A865-7746B136B620} = {511EBE7B-8760-4597-8A82-8549783D57FE}
		{3A63D34B-51B9-4A6F-ADC0-39509A14DF6B} = {511EBE7B-8760-4597-8A82-8549783D57FE}
	EndGlobalSection
	GlobalSection(ExtensibilityGlobals) = postSolution
		SolutionGuid = {8481AFF4-BF29-4D3E-AFAC-124836337BD5}
	EndGlobalSection
EndGlobal
