
Microsoft Visual Studio Solution File, Format Version 12.00
# Visual Studio Version 16
VisualStudioVersion = 16.0.29920.165
MinimumVisualStudioVersion = 10.0.40219.1
Project("{9A19103F-16F7-4668-BE54-9A1E7A4F7556}") = "Sukt.Core.Dtos", "src\Sukt.Core.Dtos\Sukt.Core.Dtos.csproj", "{A7F7FD0E-2E1D-4BCD-91F9-68047A6C7823}"
EndProject
Project("{9A19103F-16F7-4668-BE54-9A1E7A4F7556}") = "Sukt.Core.EntityFrameworkCore", "src\Sukt.Core.EntityFrameworkCore\Sukt.Core.EntityFrameworkCore.csproj", "{DEC28E0F-9B4E-4DA9-BAFC-AA938F6F51EB}"
EndProject
Project("{2150E333-8FDC-42A3-9474-1A3956D46DE8}") = "ApplicationWeb", "ApplicationWeb", "{3FF22E77-0B95-46DD-AA46-C27D850A836C}"
EndProject
Project("{2150E333-8FDC-42A3-9474-1A3956D46DE8}") = "Shared", "Shared", "{4A750E7C-B356-4C74-9BFC-F29D0D475E19}"
EndProject
Project("{9A19103F-16F7-4668-BE54-9A1E7A4F7556}") = "Sukt.Core.Shared", "src\Sukt.Core.Shared\Sukt.Core.Shared.csproj", "{85A3565F-029A-406C-89DD-CB30877CB46F}"
EndProject
Project("{2150E333-8FDC-42A3-9474-1A3956D46DE8}") = "Models", "Models", "{D30BF6C1-A7A2-468E-AB8E-BE5DE8CDCD3B}"
EndProject
Project("{2150E333-8FDC-42A3-9474-1A3956D46DE8}") = "EntityFrameworkCore", "EntityFrameworkCore", "{1EA7AD7C-E9FA-468E-9FFC-F626C0B56563}"
EndProject
Project("{2150E333-8FDC-42A3-9474-1A3956D46DE8}") = "AutoMapper", "AutoMapper", "{B4F1745B-2459-42CB-A16F-3FB5D4403CEE}"
EndProject
Project("{9A19103F-16F7-4668-BE54-9A1E7A4F7556}") = "Sukt.Core.AutoMapper", "src\Sukt.Core.AutoMapper\Sukt.Core.AutoMapper.csproj", "{8A9EA654-941D-47F2-92BA-F348CBCA83B3}"
EndProject
Project("{2150E333-8FDC-42A3-9474-1A3956D46DE8}") = "Services", "Services", "{B40C7B0F-DDA5-49D4-9C3B-2B5E86AE1FAF}"
EndProject
Project("{9A19103F-16F7-4668-BE54-9A1E7A4F7556}") = "Sukt.Core.Application.Contracts", "src\Sukt.Core.Application.Contracts\Sukt.Core.Application.Contracts.csproj", "{F2D9C2E5-F262-4D26-AE9D-718EEB303F8D}"
EndProject
Project("{9A19103F-16F7-4668-BE54-9A1E7A4F7556}") = "Sukt.Core.Application", "src\Sukt.Core.Application\Sukt.Core.Application.csproj", "{B020BB76-E9DF-4B9D-AFB5-A75DD1C2E462}"
EndProject
Project("{2150E333-8FDC-42A3-9474-1A3956D46DE8}") = "XunitTest", "XunitTest", "{3DBC3F27-F011-45A3-BDC5-2FB8FA66ABE7}"
EndProject
Project("{9A19103F-16F7-4668-BE54-9A1E7A4F7556}") = "Sukt.Core.API", "src\Sukt.Core.API\Sukt.Core.API.csproj", "{4D1DF691-5380-4976-9C90-354B2C9DB325}"
EndProject
Project("{9A19103F-16F7-4668-BE54-9A1E7A4F7556}") = "Sukt.Core.Test", "Sukt.Core.Test\Sukt.Core.Test.csproj", "{C0D9666B-F3C6-46DA-92D6-6CD4CBD37E0E}"
EndProject
Project("{9A19103F-16F7-4668-BE54-9A1E7A4F7556}") = "Sukt.Core.Domain", "src\Sukt.Core.Domain\Sukt.Core.Domain.csproj", "{207462DE-2822-421D-B64F-8560194E320D}"
EndProject
Project("{FAE04EC0-301F-11D3-BF4B-00C04F79EFBC}") = "Sukt.Core.DomainRealization", "src\Sukt.Core.DomainRealization\Sukt.Core.DomainRealization.csproj", "{174CD509-1351-41B6-8290-FA1CE411060C}"
EndProject
Project("{FAE04EC0-301F-11D3-BF4B-00C04F79EFBC}") = "Sukt.Core.AspNetCore", "src\Sukt.Core.AspNetCore\Sukt.Core.AspNetCore.csproj", "{96FD6A52-75B9-45A8-BE77-F47F4E49EC83}"
EndProject
Global
	GlobalSection(SolutionConfigurationPlatforms) = preSolution
		Debug|Any CPU = Debug|Any CPU
		Release|Any CPU = Release|Any CPU
	EndGlobalSection
	GlobalSection(ProjectConfigurationPlatforms) = postSolution
		{A7F7FD0E-2E1D-4BCD-91F9-68047A6C7823}.Debug|Any CPU.ActiveCfg = Debug|Any CPU
		{A7F7FD0E-2E1D-4BCD-91F9-68047A6C7823}.Debug|Any CPU.Build.0 = Debug|Any CPU
		{A7F7FD0E-2E1D-4BCD-91F9-68047A6C7823}.Release|Any CPU.ActiveCfg = Release|Any CPU
		{A7F7FD0E-2E1D-4BCD-91F9-68047A6C7823}.Release|Any CPU.Build.0 = Release|Any CPU
		{DEC28E0F-9B4E-4DA9-BAFC-AA938F6F51EB}.Debug|Any CPU.ActiveCfg = Debug|Any CPU
		{DEC28E0F-9B4E-4DA9-BAFC-AA938F6F51EB}.Debug|Any CPU.Build.0 = Debug|Any CPU
		{DEC28E0F-9B4E-4DA9-BAFC-AA938F6F51EB}.Release|Any CPU.ActiveCfg = Release|Any CPU
		{DEC28E0F-9B4E-4DA9-BAFC-AA938F6F51EB}.Release|Any CPU.Build.0 = Release|Any CPU
		{85A3565F-029A-406C-89DD-CB30877CB46F}.Debug|Any CPU.ActiveCfg = Debug|Any CPU
		{85A3565F-029A-406C-89DD-CB30877CB46F}.Debug|Any CPU.Build.0 = Debug|Any CPU
		{85A3565F-029A-406C-89DD-CB30877CB46F}.Release|Any CPU.ActiveCfg = Release|Any CPU
		{85A3565F-029A-406C-89DD-CB30877CB46F}.Release|Any CPU.Build.0 = Release|Any CPU
		{8A9EA654-941D-47F2-92BA-F348CBCA83B3}.Debug|Any CPU.ActiveCfg = Debug|Any CPU
		{8A9EA654-941D-47F2-92BA-F348CBCA83B3}.Debug|Any CPU.Build.0 = Debug|Any CPU
		{8A9EA654-941D-47F2-92BA-F348CBCA83B3}.Release|Any CPU.ActiveCfg = Release|Any CPU
		{8A9EA654-941D-47F2-92BA-F348CBCA83B3}.Release|Any CPU.Build.0 = Release|Any CPU
		{F2D9C2E5-F262-4D26-AE9D-718EEB303F8D}.Debug|Any CPU.ActiveCfg = Debug|Any CPU
		{F2D9C2E5-F262-4D26-AE9D-718EEB303F8D}.Debug|Any CPU.Build.0 = Debug|Any CPU
		{F2D9C2E5-F262-4D26-AE9D-718EEB303F8D}.Release|Any CPU.ActiveCfg = Release|Any CPU
		{F2D9C2E5-F262-4D26-AE9D-718EEB303F8D}.Release|Any CPU.Build.0 = Release|Any CPU
		{B020BB76-E9DF-4B9D-AFB5-A75DD1C2E462}.Debug|Any CPU.ActiveCfg = Debug|Any CPU
		{B020BB76-E9DF-4B9D-AFB5-A75DD1C2E462}.Debug|Any CPU.Build.0 = Debug|Any CPU
		{B020BB76-E9DF-4B9D-AFB5-A75DD1C2E462}.Release|Any CPU.ActiveCfg = Release|Any CPU
		{B020BB76-E9DF-4B9D-AFB5-A75DD1C2E462}.Release|Any CPU.Build.0 = Release|Any CPU
		{4D1DF691-5380-4976-9C90-354B2C9DB325}.Debug|Any CPU.ActiveCfg = Debug|Any CPU
		{4D1DF691-5380-4976-9C90-354B2C9DB325}.Debug|Any CPU.Build.0 = Debug|Any CPU
		{4D1DF691-5380-4976-9C90-354B2C9DB325}.Release|Any CPU.ActiveCfg = Release|Any CPU
		{4D1DF691-5380-4976-9C90-354B2C9DB325}.Release|Any CPU.Build.0 = Release|Any CPU
		{C0D9666B-F3C6-46DA-92D6-6CD4CBD37E0E}.Debug|Any CPU.ActiveCfg = Debug|Any CPU
		{C0D9666B-F3C6-46DA-92D6-6CD4CBD37E0E}.Debug|Any CPU.Build.0 = Debug|Any CPU
		{C0D9666B-F3C6-46DA-92D6-6CD4CBD37E0E}.Release|Any CPU.ActiveCfg = Release|Any CPU
		{C0D9666B-F3C6-46DA-92D6-6CD4CBD37E0E}.Release|Any CPU.Build.0 = Release|Any CPU
		{207462DE-2822-421D-B64F-8560194E320D}.Debug|Any CPU.ActiveCfg = Debug|Any CPU
		{207462DE-2822-421D-B64F-8560194E320D}.Debug|Any CPU.Build.0 = Debug|Any CPU
		{207462DE-2822-421D-B64F-8560194E320D}.Release|Any CPU.ActiveCfg = Release|Any CPU
		{207462DE-2822-421D-B64F-8560194E320D}.Release|Any CPU.Build.0 = Release|Any CPU
		{174CD509-1351-41B6-8290-FA1CE411060C}.Debug|Any CPU.ActiveCfg = Debug|Any CPU
		{174CD509-1351-41B6-8290-FA1CE411060C}.Debug|Any CPU.Build.0 = Debug|Any CPU
		{174CD509-1351-41B6-8290-FA1CE411060C}.Release|Any CPU.ActiveCfg = Release|Any CPU
		{174CD509-1351-41B6-8290-FA1CE411060C}.Release|Any CPU.Build.0 = Release|Any CPU
		{96FD6A52-75B9-45A8-BE77-F47F4E49EC83}.Debug|Any CPU.ActiveCfg = Debug|Any CPU
		{96FD6A52-75B9-45A8-BE77-F47F4E49EC83}.Debug|Any CPU.Build.0 = Debug|Any CPU
		{96FD6A52-75B9-45A8-BE77-F47F4E49EC83}.Release|Any CPU.ActiveCfg = Release|Any CPU
		{96FD6A52-75B9-45A8-BE77-F47F4E49EC83}.Release|Any CPU.Build.0 = Release|Any CPU
	EndGlobalSection
	GlobalSection(SolutionProperties) = preSolution
		HideSolutionNode = FALSE
	EndGlobalSection
	GlobalSection(NestedProjects) = preSolution
		{A7F7FD0E-2E1D-4BCD-91F9-68047A6C7823} = {D30BF6C1-A7A2-468E-AB8E-BE5DE8CDCD3B}
		{DEC28E0F-9B4E-4DA9-BAFC-AA938F6F51EB} = {1EA7AD7C-E9FA-468E-9FFC-F626C0B56563}
		{85A3565F-029A-406C-89DD-CB30877CB46F} = {4A750E7C-B356-4C74-9BFC-F29D0D475E19}
		{8A9EA654-941D-47F2-92BA-F348CBCA83B3} = {B4F1745B-2459-42CB-A16F-3FB5D4403CEE}
		{F2D9C2E5-F262-4D26-AE9D-718EEB303F8D} = {B40C7B0F-DDA5-49D4-9C3B-2B5E86AE1FAF}
		{B020BB76-E9DF-4B9D-AFB5-A75DD1C2E462} = {B40C7B0F-DDA5-49D4-9C3B-2B5E86AE1FAF}
		{4D1DF691-5380-4976-9C90-354B2C9DB325} = {3FF22E77-0B95-46DD-AA46-C27D850A836C}
		{C0D9666B-F3C6-46DA-92D6-6CD4CBD37E0E} = {3DBC3F27-F011-45A3-BDC5-2FB8FA66ABE7}
		{207462DE-2822-421D-B64F-8560194E320D} = {1EA7AD7C-E9FA-468E-9FFC-F626C0B56563}
		{174CD509-1351-41B6-8290-FA1CE411060C} = {1EA7AD7C-E9FA-468E-9FFC-F626C0B56563}
		{96FD6A52-75B9-45A8-BE77-F47F4E49EC83} = {3FF22E77-0B95-46DD-AA46-C27D850A836C}
	EndGlobalSection
	GlobalSection(ExtensibilityGlobals) = postSolution
		SolutionGuid = {05B139D9-1492-4454-AF04-522949DE00D3}
	EndGlobalSection
EndGlobal
