
Microsoft Visual Studio Solution File, Format Version 12.00
# Visual Studio Version 17
VisualStudioVersion = 17.0.31512.422
MinimumVisualStudioVersion = 10.0.40219.1
Project("{9A19103F-16F7-4668-BE54-9A1E7A4F7556}") = "Sukt.Core.Dtos", "src\Sukt.Core.Dtos\Sukt.Core.Dtos.csproj", "{A7F7FD0E-2E1D-4BCD-91F9-68047A6C7823}"
EndProject
Project("{2150E333-8FDC-42A3-9474-1A3956D46DE8}") = "1、ApplicationWeb", "1、ApplicationWeb", "{3FF22E77-0B95-46DD-AA46-C27D850A836C}"
EndProject
Project("{2150E333-8FDC-42A3-9474-1A3956D46DE8}") = "Shared", "Shared", "{4A750E7C-B356-4C74-9BFC-F29D0D475E19}"
EndProject
Project("{2150E333-8FDC-42A3-9474-1A3956D46DE8}") = "Domain", "Domain", "{1EA7AD7C-E9FA-468E-9FFC-F626C0B56563}"
EndProject
Project("{2150E333-8FDC-42A3-9474-1A3956D46DE8}") = "2、Application", "2、Application", "{B40C7B0F-DDA5-49D4-9C3B-2B5E86AE1FAF}"
EndProject
Project("{9A19103F-16F7-4668-BE54-9A1E7A4F7556}") = "Sukt.Core.Application", "src\Sukt.Core.Application\Sukt.Core.Application.csproj", "{B020BB76-E9DF-4B9D-AFB5-A75DD1C2E462}"
EndProject
Project("{9A19103F-16F7-4668-BE54-9A1E7A4F7556}") = "Sukt.Core.API", "src\Sukt.Core.API\Sukt.Core.API.csproj", "{4D1DF691-5380-4976-9C90-354B2C9DB325}"
EndProject
Project("{9A19103F-16F7-4668-BE54-9A1E7A4F7556}") = "Sukt.Core.Test", "test\Sukt.Core.Test\Sukt.Core.Test.csproj", "{C0D9666B-F3C6-46DA-92D6-6CD4CBD37E0E}"
EndProject
Project("{9A19103F-16F7-4668-BE54-9A1E7A4F7556}") = "Sukt.Core.Domain.Models", "src\Sukt.Core.Domain.Models\Sukt.Core.Domain.Models.csproj", "{A570238B-CD06-4FD0-B3B5-3D2D3BE5E43B}"
EndProject
Project("{9A19103F-16F7-4668-BE54-9A1E7A4F7556}") = "Sukt.Core.Domain.Services", "src\Sukt.Core.Domain.Services\Sukt.Core.Domain.Services.csproj", "{A9B3D210-C176-4C2A-A75A-21DB5414BF27}"
EndProject
Project("{9A19103F-16F7-4668-BE54-9A1E7A4F7556}") = "Sukt.Core.Identity", "src\Sukt.Core.Identity\Sukt.Core.Identity.csproj", "{76584A8B-F764-4EFD-AC31-9D1FB101A332}"
EndProject
Project("{9A19103F-16F7-4668-BE54-9A1E7A4F7556}") = "Sukt.Core.IdentityServer4Store", "src\Sukt.Core.IdentityServer4Store\Sukt.Core.IdentityServer4Store.csproj", "{A3C68F43-8633-4B28-99E8-99855D4828DC}"
EndProject
Project("{9A19103F-16F7-4668-BE54-9A1E7A4F7556}") = "Sukt.Core.AuthenticationCenter", "src\Sukt.Core.AuthenticationCenter\Sukt.Core.AuthenticationCenter.csproj", "{C3C83CAD-93D4-4A40-B04A-99FE95B01CCF}"
EndProject
Project("{9A19103F-16F7-4668-BE54-9A1E7A4F7556}") = "Sukt.Core.EntityFrameworkCore", "src\Sukt.Core.EntityFrameworkCore\Sukt.Core.EntityFrameworkCore.csproj", "{0852A545-4E83-4516-A9D6-21C01AC28E9E}"
EndProject
Project("{9A19103F-16F7-4668-BE54-9A1E7A4F7556}") = "Sukt.Core.Shared", "src\Sukt.Core.Shared\Sukt.Core.Shared.csproj", "{21D778F2-ED3F-4586-991C-050797105D0D}"
EndProject
Project("{2150E333-8FDC-42A3-9474-1A3956D46DE8}") = "AuthServer", "AuthServer", "{81DFABDA-6C8A-475B-82FD-8A4A3F651292}"
EndProject
Project("{9A19103F-16F7-4668-BE54-9A1E7A4F7556}") = "Sukt.AuthServer", "src\Sukt.AuthServer\Sukt.AuthServer.csproj", "{74573C64-AA01-49EC-9F48-DFD85DCDB3A8}"
EndProject
Project("{9A19103F-16F7-4668-BE54-9A1E7A4F7556}") = "Sukt.AuthServerHost", "src\Sukt.AuthServerHost\Sukt.AuthServerHost.csproj", "{B7B1EB88-7CD7-4389-9F69-C1337DBEC06A}"
EndProject
Project("{9A19103F-16F7-4668-BE54-9A1E7A4F7556}") = "Sukt.AuthServer.Domain", "src\Sukt.AuthServer.Domain\Sukt.AuthServer.Domain.csproj", "{D8CDB4C5-2988-4E30-9AE9-8B354CFB93EE}"
EndProject
Global
	GlobalSection(SolutionConfigurationPlatforms) = preSolution
		Debug|Any CPU = Debug|Any CPU
		Release|Any CPU = Release|Any CPU
	EndGlobalSection
	GlobalSection(ProjectConfigurationPlatforms) = postSolution
		{A7F7FD0E-2E1D-4BCD-91F9-68047A6C7823}.Debug|Any CPU.ActiveCfg = Debug|Any CPU
		{A7F7FD0E-2E1D-4BCD-91F9-68047A6C7823}.Debug|Any CPU.Build.0 = Debug|Any CPU
		{A7F7FD0E-2E1D-4BCD-91F9-68047A6C7823}.Release|Any CPU.ActiveCfg = Release|Any CPU
		{A7F7FD0E-2E1D-4BCD-91F9-68047A6C7823}.Release|Any CPU.Build.0 = Release|Any CPU
		{B020BB76-E9DF-4B9D-AFB5-A75DD1C2E462}.Debug|Any CPU.ActiveCfg = Debug|Any CPU
		{B020BB76-E9DF-4B9D-AFB5-A75DD1C2E462}.Debug|Any CPU.Build.0 = Debug|Any CPU
		{B020BB76-E9DF-4B9D-AFB5-A75DD1C2E462}.Release|Any CPU.ActiveCfg = Release|Any CPU
		{B020BB76-E9DF-4B9D-AFB5-A75DD1C2E462}.Release|Any CPU.Build.0 = Release|Any CPU
		{4D1DF691-5380-4976-9C90-354B2C9DB325}.Debug|Any CPU.ActiveCfg = Debug|Any CPU
		{4D1DF691-5380-4976-9C90-354B2C9DB325}.Debug|Any CPU.Build.0 = Debug|Any CPU
		{4D1DF691-5380-4976-9C90-354B2C9DB325}.Release|Any CPU.ActiveCfg = Release|Any CPU
		{4D1DF691-5380-4976-9C90-354B2C9DB325}.Release|Any CPU.Build.0 = Release|Any CPU
		{C0D9666B-F3C6-46DA-92D6-6CD4CBD37E0E}.Debug|Any CPU.ActiveCfg = Debug|Any CPU
		{C0D9666B-F3C6-46DA-92D6-6CD4CBD37E0E}.Debug|Any CPU.Build.0 = Debug|Any CPU
		{C0D9666B-F3C6-46DA-92D6-6CD4CBD37E0E}.Release|Any CPU.ActiveCfg = Release|Any CPU
		{C0D9666B-F3C6-46DA-92D6-6CD4CBD37E0E}.Release|Any CPU.Build.0 = Release|Any CPU
		{A570238B-CD06-4FD0-B3B5-3D2D3BE5E43B}.Debug|Any CPU.ActiveCfg = Debug|Any CPU
		{A570238B-CD06-4FD0-B3B5-3D2D3BE5E43B}.Debug|Any CPU.Build.0 = Debug|Any CPU
		{A570238B-CD06-4FD0-B3B5-3D2D3BE5E43B}.Release|Any CPU.ActiveCfg = Release|Any CPU
		{A570238B-CD06-4FD0-B3B5-3D2D3BE5E43B}.Release|Any CPU.Build.0 = Release|Any CPU
		{A9B3D210-C176-4C2A-A75A-21DB5414BF27}.Debug|Any CPU.ActiveCfg = Debug|Any CPU
		{A9B3D210-C176-4C2A-A75A-21DB5414BF27}.Debug|Any CPU.Build.0 = Debug|Any CPU
		{A9B3D210-C176-4C2A-A75A-21DB5414BF27}.Release|Any CPU.ActiveCfg = Release|Any CPU
		{A9B3D210-C176-4C2A-A75A-21DB5414BF27}.Release|Any CPU.Build.0 = Release|Any CPU
		{76584A8B-F764-4EFD-AC31-9D1FB101A332}.Debug|Any CPU.ActiveCfg = Debug|Any CPU
		{76584A8B-F764-4EFD-AC31-9D1FB101A332}.Debug|Any CPU.Build.0 = Debug|Any CPU
		{76584A8B-F764-4EFD-AC31-9D1FB101A332}.Release|Any CPU.ActiveCfg = Release|Any CPU
		{76584A8B-F764-4EFD-AC31-9D1FB101A332}.Release|Any CPU.Build.0 = Release|Any CPU
		{A3C68F43-8633-4B28-99E8-99855D4828DC}.Debug|Any CPU.ActiveCfg = Debug|Any CPU
		{A3C68F43-8633-4B28-99E8-99855D4828DC}.Debug|Any CPU.Build.0 = Debug|Any CPU
		{A3C68F43-8633-4B28-99E8-99855D4828DC}.Release|Any CPU.ActiveCfg = Release|Any CPU
		{A3C68F43-8633-4B28-99E8-99855D4828DC}.Release|Any CPU.Build.0 = Release|Any CPU
		{C3C83CAD-93D4-4A40-B04A-99FE95B01CCF}.Debug|Any CPU.ActiveCfg = Debug|Any CPU
		{C3C83CAD-93D4-4A40-B04A-99FE95B01CCF}.Debug|Any CPU.Build.0 = Debug|Any CPU
		{C3C83CAD-93D4-4A40-B04A-99FE95B01CCF}.Release|Any CPU.ActiveCfg = Release|Any CPU
		{C3C83CAD-93D4-4A40-B04A-99FE95B01CCF}.Release|Any CPU.Build.0 = Release|Any CPU
		{0852A545-4E83-4516-A9D6-21C01AC28E9E}.Debug|Any CPU.ActiveCfg = Debug|Any CPU
		{0852A545-4E83-4516-A9D6-21C01AC28E9E}.Debug|Any CPU.Build.0 = Debug|Any CPU
		{0852A545-4E83-4516-A9D6-21C01AC28E9E}.Release|Any CPU.ActiveCfg = Release|Any CPU
		{0852A545-4E83-4516-A9D6-21C01AC28E9E}.Release|Any CPU.Build.0 = Release|Any CPU
		{21D778F2-ED3F-4586-991C-050797105D0D}.Debug|Any CPU.ActiveCfg = Debug|Any CPU
		{21D778F2-ED3F-4586-991C-050797105D0D}.Debug|Any CPU.Build.0 = Debug|Any CPU
		{21D778F2-ED3F-4586-991C-050797105D0D}.Release|Any CPU.ActiveCfg = Release|Any CPU
		{21D778F2-ED3F-4586-991C-050797105D0D}.Release|Any CPU.Build.0 = Release|Any CPU
		{74573C64-AA01-49EC-9F48-DFD85DCDB3A8}.Debug|Any CPU.ActiveCfg = Debug|Any CPU
		{74573C64-AA01-49EC-9F48-DFD85DCDB3A8}.Debug|Any CPU.Build.0 = Debug|Any CPU
		{74573C64-AA01-49EC-9F48-DFD85DCDB3A8}.Release|Any CPU.ActiveCfg = Release|Any CPU
		{74573C64-AA01-49EC-9F48-DFD85DCDB3A8}.Release|Any CPU.Build.0 = Release|Any CPU
		{B7B1EB88-7CD7-4389-9F69-C1337DBEC06A}.Debug|Any CPU.ActiveCfg = Debug|Any CPU
		{B7B1EB88-7CD7-4389-9F69-C1337DBEC06A}.Debug|Any CPU.Build.0 = Debug|Any CPU
		{B7B1EB88-7CD7-4389-9F69-C1337DBEC06A}.Release|Any CPU.ActiveCfg = Release|Any CPU
		{B7B1EB88-7CD7-4389-9F69-C1337DBEC06A}.Release|Any CPU.Build.0 = Release|Any CPU
		{D8CDB4C5-2988-4E30-9AE9-8B354CFB93EE}.Debug|Any CPU.ActiveCfg = Debug|Any CPU
		{D8CDB4C5-2988-4E30-9AE9-8B354CFB93EE}.Debug|Any CPU.Build.0 = Debug|Any CPU
		{D8CDB4C5-2988-4E30-9AE9-8B354CFB93EE}.Release|Any CPU.ActiveCfg = Release|Any CPU
		{D8CDB4C5-2988-4E30-9AE9-8B354CFB93EE}.Release|Any CPU.Build.0 = Release|Any CPU
	EndGlobalSection
	GlobalSection(SolutionProperties) = preSolution
		HideSolutionNode = FALSE
	EndGlobalSection
	GlobalSection(NestedProjects) = preSolution
		{A7F7FD0E-2E1D-4BCD-91F9-68047A6C7823} = {B40C7B0F-DDA5-49D4-9C3B-2B5E86AE1FAF}
		{B020BB76-E9DF-4B9D-AFB5-A75DD1C2E462} = {B40C7B0F-DDA5-49D4-9C3B-2B5E86AE1FAF}
		{4D1DF691-5380-4976-9C90-354B2C9DB325} = {3FF22E77-0B95-46DD-AA46-C27D850A836C}
		{A570238B-CD06-4FD0-B3B5-3D2D3BE5E43B} = {1EA7AD7C-E9FA-468E-9FFC-F626C0B56563}
		{A9B3D210-C176-4C2A-A75A-21DB5414BF27} = {1EA7AD7C-E9FA-468E-9FFC-F626C0B56563}
		{76584A8B-F764-4EFD-AC31-9D1FB101A332} = {1EA7AD7C-E9FA-468E-9FFC-F626C0B56563}
		{A3C68F43-8633-4B28-99E8-99855D4828DC} = {4A750E7C-B356-4C74-9BFC-F29D0D475E19}
		{C3C83CAD-93D4-4A40-B04A-99FE95B01CCF} = {3FF22E77-0B95-46DD-AA46-C27D850A836C}
		{0852A545-4E83-4516-A9D6-21C01AC28E9E} = {1EA7AD7C-E9FA-468E-9FFC-F626C0B56563}
		{21D778F2-ED3F-4586-991C-050797105D0D} = {4A750E7C-B356-4C74-9BFC-F29D0D475E19}
		{74573C64-AA01-49EC-9F48-DFD85DCDB3A8} = {81DFABDA-6C8A-475B-82FD-8A4A3F651292}
		{B7B1EB88-7CD7-4389-9F69-C1337DBEC06A} = {81DFABDA-6C8A-475B-82FD-8A4A3F651292}
		{D8CDB4C5-2988-4E30-9AE9-8B354CFB93EE} = {81DFABDA-6C8A-475B-82FD-8A4A3F651292}
	EndGlobalSection
	GlobalSection(ExtensibilityGlobals) = postSolution
		SolutionGuid = {05B139D9-1492-4454-AF04-522949DE00D3}
	EndGlobalSection
EndGlobal
